// !$*UTF8*$!
{
	archiveVersion = 1;
	classes = {
	};
	objectVersion = 56;
	objects = {

/* Begin PBXBuildFile section */
		2161E8FF2BCA682C00327392 /* AppDelegate.swift in Sources */ = {isa = PBXBuildFile; fileRef = 2161E8FE2BCA682C00327392 /* AppDelegate.swift */; };
		2161E9012BCA682C00327392 /* SceneDelegate.swift in Sources */ = {isa = PBXBuildFile; fileRef = 2161E9002BCA682C00327392 /* SceneDelegate.swift */; };
		2161E9032BCA682C00327392 /* ViewController.swift in Sources */ = {isa = PBXBuildFile; fileRef = 2161E9022BCA682C00327392 /* ViewController.swift */; };
		2161E9082BCA682D00327392 /* Assets.xcassets in Resources */ = {isa = PBXBuildFile; fileRef = 2161E9072BCA682D00327392 /* Assets.xcassets */; };
		2161E90B2BCA682D00327392 /* LaunchScreen.storyboard in Resources */ = {isa = PBXBuildFile; fileRef = 2161E9092BCA682D00327392 /* LaunchScreen.storyboard */; };
		FE4CDCE02BCA68BE006A7995 /* AddCardView.swift in Sources */ = {isa = PBXBuildFile; fileRef = FE4CDCDF2BCA68BE006A7995 /* AddCardView.swift */; };
		FE4CDCE22BCA69B9006A7995 /* TextFieldModifier.swift in Sources */ = {isa = PBXBuildFile; fileRef = FE4CDCE12BCA69B9006A7995 /* TextFieldModifier.swift */; };
		FE4CDCE42BCA6A03006A7995 /* ButtonModifier.swift in Sources */ = {isa = PBXBuildFile; fileRef = FE4CDCE32BCA6A03006A7995 /* ButtonModifier.swift */; };
		FE4CDCE62BCA6B16006A7995 /* GlobalConstants.swift in Sources */ = {isa = PBXBuildFile; fileRef = FE4CDCE52BCA6B16006A7995 /* GlobalConstants.swift */; };
		FE4CDCEB2BCA6F55006A7995 /* LoginView.swift in Sources */ = {isa = PBXBuildFile; fileRef = FE4CDCEA2BCA6F55006A7995 /* LoginView.swift */; };
		FE4CDCED2BCA6FAD006A7995 /* CustomSecureField.swift in Sources */ = {isa = PBXBuildFile; fileRef = FE4CDCEC2BCA6FAD006A7995 /* CustomSecureField.swift */; };
		FE4CDCEF2BCA71BE006A7995 /* RegistrationView.swift in Sources */ = {isa = PBXBuildFile; fileRef = FE4CDCEE2BCA71BE006A7995 /* RegistrationView.swift */; };
		FE4CDCF12BCA76FF006A7995 /* NetworkManager.swift in Sources */ = {isa = PBXBuildFile; fileRef = FE4CDCF02BCA76FF006A7995 /* NetworkManager.swift */; };
		FE4CDCF42BCA77C5006A7995 /* APIConstants.swift in Sources */ = {isa = PBXBuildFile; fileRef = FE4CDCF32BCA77C5006A7995 /* APIConstants.swift */; };
		FE4CDCF62BCA77E6006A7995 /* toJSON.swift in Sources */ = {isa = PBXBuildFile; fileRef = FE4CDCF52BCA77E6006A7995 /* toJSON.swift */; };
		FE4CDCF92BCA7811006A7995 /* User.swift in Sources */ = {isa = PBXBuildFile; fileRef = FE4CDCF82BCA7811006A7995 /* User.swift */; };
		FE4CDCFB2BCA7A8D006A7995 /* MainViewController.swift in Sources */ = {isa = PBXBuildFile; fileRef = FE4CDCFA2BCA7A8D006A7995 /* MainViewController.swift */; };
		FE4CDCFD2BCA7AC2006A7995 /* CategoriesCollectionViewCell.swift in Sources */ = {isa = PBXBuildFile; fileRef = FE4CDCFC2BCA7AC2006A7995 /* CategoriesCollectionViewCell.swift */; };
		FE4CDD012BCA941F006A7995 /* BigViewModel.swift in Sources */ = {isa = PBXBuildFile; fileRef = FE4CDD002BCA941E006A7995 /* BigViewModel.swift */; };
/* End PBXBuildFile section */

/* Begin PBXFileReference section */
		2161E8FB2BCA682C00327392 /* HackNU.app */ = {isa = PBXFileReference; explicitFileType = wrapper.application; includeInIndex = 0; path = HackNU.app; sourceTree = BUILT_PRODUCTS_DIR; };
		2161E8FE2BCA682C00327392 /* AppDelegate.swift */ = {isa = PBXFileReference; lastKnownFileType = sourcecode.swift; path = AppDelegate.swift; sourceTree = "<group>"; };
		2161E9002BCA682C00327392 /* SceneDelegate.swift */ = {isa = PBXFileReference; lastKnownFileType = sourcecode.swift; path = SceneDelegate.swift; sourceTree = "<group>"; };
		2161E9022BCA682C00327392 /* ViewController.swift */ = {isa = PBXFileReference; lastKnownFileType = sourcecode.swift; path = ViewController.swift; sourceTree = "<group>"; };
		2161E9072BCA682D00327392 /* Assets.xcassets */ = {isa = PBXFileReference; lastKnownFileType = folder.assetcatalog; path = Assets.xcassets; sourceTree = "<group>"; };
		2161E90A2BCA682D00327392 /* Base */ = {isa = PBXFileReference; lastKnownFileType = file.storyboard; name = Base; path = Base.lproj/LaunchScreen.storyboard; sourceTree = "<group>"; };
		2161E90C2BCA682D00327392 /* Info.plist */ = {isa = PBXFileReference; lastKnownFileType = text.plist.xml; path = Info.plist; sourceTree = "<group>"; };
		FE4CDCDF2BCA68BE006A7995 /* AddCardView.swift */ = {isa = PBXFileReference; lastKnownFileType = sourcecode.swift; path = AddCardView.swift; sourceTree = "<group>"; };
		FE4CDCE12BCA69B9006A7995 /* TextFieldModifier.swift */ = {isa = PBXFileReference; lastKnownFileType = sourcecode.swift; path = TextFieldModifier.swift; sourceTree = "<group>"; };
		FE4CDCE32BCA6A03006A7995 /* ButtonModifier.swift */ = {isa = PBXFileReference; lastKnownFileType = sourcecode.swift; path = ButtonModifier.swift; sourceTree = "<group>"; };
		FE4CDCE52BCA6B16006A7995 /* GlobalConstants.swift */ = {isa = PBXFileReference; lastKnownFileType = sourcecode.swift; path = GlobalConstants.swift; sourceTree = "<group>"; };
		FE4CDCEA2BCA6F55006A7995 /* LoginView.swift */ = {isa = PBXFileReference; lastKnownFileType = sourcecode.swift; path = LoginView.swift; sourceTree = "<group>"; };
		FE4CDCEC2BCA6FAD006A7995 /* CustomSecureField.swift */ = {isa = PBXFileReference; lastKnownFileType = sourcecode.swift; path = CustomSecureField.swift; sourceTree = "<group>"; };
		FE4CDCEE2BCA71BE006A7995 /* RegistrationView.swift */ = {isa = PBXFileReference; lastKnownFileType = sourcecode.swift; path = RegistrationView.swift; sourceTree = "<group>"; };
		FE4CDCF02BCA76FF006A7995 /* NetworkManager.swift */ = {isa = PBXFileReference; lastKnownFileType = sourcecode.swift; path = NetworkManager.swift; sourceTree = "<group>"; };
		FE4CDCF32BCA77C5006A7995 /* APIConstants.swift */ = {isa = PBXFileReference; lastKnownFileType = sourcecode.swift; path = APIConstants.swift; sourceTree = "<group>"; };
		FE4CDCF52BCA77E6006A7995 /* toJSON.swift */ = {isa = PBXFileReference; lastKnownFileType = sourcecode.swift; path = toJSON.swift; sourceTree = "<group>"; };
		FE4CDCF82BCA7811006A7995 /* User.swift */ = {isa = PBXFileReference; lastKnownFileType = sourcecode.swift; path = User.swift; sourceTree = "<group>"; };
		FE4CDCFA2BCA7A8D006A7995 /* MainViewController.swift */ = {isa = PBXFileReference; lastKnownFileType = sourcecode.swift; path = MainViewController.swift; sourceTree = "<group>"; };
		FE4CDCFC2BCA7AC2006A7995 /* CategoriesCollectionViewCell.swift */ = {isa = PBXFileReference; lastKnownFileType = sourcecode.swift; path = CategoriesCollectionViewCell.swift; sourceTree = "<group>"; };
		FE4CDD002BCA941E006A7995 /* BigViewModel.swift */ = {isa = PBXFileReference; lastKnownFileType = sourcecode.swift; path = BigViewModel.swift; sourceTree = "<group>"; };
/* End PBXFileReference section */

/* Begin PBXFrameworksBuildPhase section */
		2161E8F82BCA682C00327392 /* Frameworks */ = {
			isa = PBXFrameworksBuildPhase;
			buildActionMask = 2147483647;
			files = (
			);
			runOnlyForDeploymentPostprocessing = 0;
		};
/* End PBXFrameworksBuildPhase section */

/* Begin PBXGroup section */
		2161E8F22BCA682C00327392 = {
			isa = PBXGroup;
			children = (
				FE4CDD002BCA941E006A7995 /* BigViewModel.swift */,
				FE4CDCF72BCA7804006A7995 /* Models */,
				FE4CDCF22BCA77AF006A7995 /* Networking */,
				FE4CDCE82BCA6E2F006A7995 /* Modifiers */,
				FE4CDCE92BCA6E42006A7995 /* BrandBook */,
				FE4CDCE72BCA6E18006A7995 /* Views */,
				2161E8FD2BCA682C00327392 /* HackNU */,
				2161E8FC2BCA682C00327392 /* Products */,
			);
			sourceTree = "<group>";
		};
		2161E8FC2BCA682C00327392 /* Products */ = {
			isa = PBXGroup;
			children = (
				2161E8FB2BCA682C00327392 /* HackNU.app */,
			);
			name = Products;
			sourceTree = "<group>";
		};
		2161E8FD2BCA682C00327392 /* HackNU */ = {
			isa = PBXGroup;
			children = (
				2161E8FE2BCA682C00327392 /* AppDelegate.swift */,
				2161E9002BCA682C00327392 /* SceneDelegate.swift */,
				2161E9022BCA682C00327392 /* ViewController.swift */,
				2161E9072BCA682D00327392 /* Assets.xcassets */,
				2161E9092BCA682D00327392 /* LaunchScreen.storyboard */,
				2161E90C2BCA682D00327392 /* Info.plist */,
			);
			path = HackNU;
			sourceTree = "<group>";
		};
		FE4CDCE72BCA6E18006A7995 /* Views */ = {
			isa = PBXGroup;
			children = (
				FE4CDCFA2BCA7A8D006A7995 /* MainViewController.swift */,
				FE4CDCDF2BCA68BE006A7995 /* AddCardView.swift */,
				FE4CDCEA2BCA6F55006A7995 /* LoginView.swift */,
				FE4CDCEE2BCA71BE006A7995 /* RegistrationView.swift */,
				FE4CDCEC2BCA6FAD006A7995 /* CustomSecureField.swift */,
				FE4CDCFC2BCA7AC2006A7995 /* CategoriesCollectionViewCell.swift */,
			);
			path = Views;
			sourceTree = "<group>";
		};
		FE4CDCE82BCA6E2F006A7995 /* Modifiers */ = {
			isa = PBXGroup;
			children = (
				FE4CDCE12BCA69B9006A7995 /* TextFieldModifier.swift */,
				FE4CDCE32BCA6A03006A7995 /* ButtonModifier.swift */,
			);
			path = Modifiers;
			sourceTree = "<group>";
		};
		FE4CDCE92BCA6E42006A7995 /* BrandBook */ = {
			isa = PBXGroup;
			children = (
				FE4CDCE52BCA6B16006A7995 /* GlobalConstants.swift */,
			);
			path = BrandBook;
			sourceTree = "<group>";
		};
		FE4CDCF22BCA77AF006A7995 /* Networking */ = {
			isa = PBXGroup;
			children = (
				FE4CDCF02BCA76FF006A7995 /* NetworkManager.swift */,
				FE4CDCF32BCA77C5006A7995 /* APIConstants.swift */,
				FE4CDCF52BCA77E6006A7995 /* toJSON.swift */,
			);
			path = Networking;
			sourceTree = "<group>";
		};
		FE4CDCF72BCA7804006A7995 /* Models */ = {
			isa = PBXGroup;
			children = (
				FE4CDCF82BCA7811006A7995 /* User.swift */,
			);
			path = Models;
			sourceTree = "<group>";
		};
/* End PBXGroup section */

/* Begin PBXNativeTarget section */
		2161E8FA2BCA682C00327392 /* HackNU */ = {
			isa = PBXNativeTarget;
			buildConfigurationList = 2161E90F2BCA682D00327392 /* Build configuration list for PBXNativeTarget "HackNU" */;
			buildPhases = (
				2161E8F72BCA682C00327392 /* Sources */,
				2161E8F82BCA682C00327392 /* Frameworks */,
				2161E8F92BCA682C00327392 /* Resources */,
			);
			buildRules = (
			);
			dependencies = (
			);
			name = HackNU;
			productName = HackNU;
			productReference = 2161E8FB2BCA682C00327392 /* HackNU.app */;
			productType = "com.apple.product-type.application";
		};
/* End PBXNativeTarget section */

/* Begin PBXProject section */
		2161E8F32BCA682C00327392 /* Project object */ = {
			isa = PBXProject;
			attributes = {
				BuildIndependentTargetsInParallel = 1;
				LastSwiftUpdateCheck = 1500;
				LastUpgradeCheck = 1500;
				TargetAttributes = {
					2161E8FA2BCA682C00327392 = {
						CreatedOnToolsVersion = 15.0.1;
					};
				};
			};
			buildConfigurationList = 2161E8F62BCA682C00327392 /* Build configuration list for PBXProject "HackNU" */;
			compatibilityVersion = "Xcode 14.0";
			developmentRegion = en;
			hasScannedForEncodings = 0;
			knownRegions = (
				en,
				Base,
			);
			mainGroup = 2161E8F22BCA682C00327392;
			productRefGroup = 2161E8FC2BCA682C00327392 /* Products */;
			projectDirPath = "";
			projectRoot = "";
			targets = (
				2161E8FA2BCA682C00327392 /* HackNU */,
			);
		};
/* End PBXProject section */

/* Begin PBXResourcesBuildPhase section */
		2161E8F92BCA682C00327392 /* Resources */ = {
			isa = PBXResourcesBuildPhase;
			buildActionMask = 2147483647;
			files = (
				2161E90B2BCA682D00327392 /* LaunchScreen.storyboard in Resources */,
				2161E9082BCA682D00327392 /* Assets.xcassets in Resources */,
			);
			runOnlyForDeploymentPostprocessing = 0;
		};
/* End PBXResourcesBuildPhase section */

/* Begin PBXSourcesBuildPhase section */
		2161E8F72BCA682C00327392 /* Sources */ = {
			isa = PBXSourcesBuildPhase;
			buildActionMask = 2147483647;
			files = (
				FE4CDCF62BCA77E6006A7995 /* toJSON.swift in Sources */,
				FE4CDCE42BCA6A03006A7995 /* ButtonModifier.swift in Sources */,
				FE4CDCFD2BCA7AC2006A7995 /* CategoriesCollectionViewCell.swift in Sources */,
				FE4CDD012BCA941F006A7995 /* BigViewModel.swift in Sources */,
				2161E9032BCA682C00327392 /* ViewController.swift in Sources */,
				FE4CDCE22BCA69B9006A7995 /* TextFieldModifier.swift in Sources */,
				2161E8FF2BCA682C00327392 /* AppDelegate.swift in Sources */,
				FE4CDCF12BCA76FF006A7995 /* NetworkManager.swift in Sources */,
				FE4CDCF92BCA7811006A7995 /* User.swift in Sources */,
				FE4CDCE62BCA6B16006A7995 /* GlobalConstants.swift in Sources */,
				2161E9012BCA682C00327392 /* SceneDelegate.swift in Sources */,
				FE4CDCFB2BCA7A8D006A7995 /* MainViewController.swift in Sources */,
				FE4CDCEB2BCA6F55006A7995 /* LoginView.swift in Sources */,
				FE4CDCED2BCA6FAD006A7995 /* CustomSecureField.swift in Sources */,
				FE4CDCE02BCA68BE006A7995 /* AddCardView.swift in Sources */,
				FE4CDCEF2BCA71BE006A7995 /* RegistrationView.swift in Sources */,
				FE4CDCF42BCA77C5006A7995 /* APIConstants.swift in Sources */,
			);
			runOnlyForDeploymentPostprocessing = 0;
		};
/* End PBXSourcesBuildPhase section */

/* Begin PBXVariantGroup section */
		2161E9092BCA682D00327392 /* LaunchScreen.storyboard */ = {
			isa = PBXVariantGroup;
			children = (
				2161E90A2BCA682D00327392 /* Base */,
			);
			name = LaunchScreen.storyboard;
			sourceTree = "<group>";
		};
/* End PBXVariantGroup section */

/* Begin XCBuildConfiguration section */
		2161E90D2BCA682D00327392 /* Debug */ = {
			isa = XCBuildConfiguration;
			buildSettings = {
				ALWAYS_SEARCH_USER_PATHS = NO;
				ASSETCATALOG_COMPILER_GENERATE_SWIFT_ASSET_SYMBOL_EXTENSIONS = YES;
				CLANG_ANALYZER_NONNULL = YES;
				CLANG_ANALYZER_NUMBER_OBJECT_CONVERSION = YES_AGGRESSIVE;
				CLANG_CXX_LANGUAGE_STANDARD = "gnu++20";
				CLANG_ENABLE_MODULES = YES;
				CLANG_ENABLE_OBJC_ARC = YES;
				CLANG_ENABLE_OBJC_WEAK = YES;
				CLANG_WARN_BLOCK_CAPTURE_AUTORELEASING = YES;
				CLANG_WARN_BOOL_CONVERSION = YES;
				CLANG_WARN_COMMA = YES;
				CLANG_WARN_CONSTANT_CONVERSION = YES;
				CLANG_WARN_DEPRECATED_OBJC_IMPLEMENTATIONS = YES;
				CLANG_WARN_DIRECT_OBJC_ISA_USAGE = YES_ERROR;
				CLANG_WARN_DOCUMENTATION_COMMENTS = YES;
				CLANG_WARN_EMPTY_BODY = YES;
				CLANG_WARN_ENUM_CONVERSION = YES;
				CLANG_WARN_INFINITE_RECURSION = YES;
				CLANG_WARN_INT_CONVERSION = YES;
				CLANG_WARN_NON_LITERAL_NULL_CONVERSION = YES;
				CLANG_WARN_OBJC_IMPLICIT_RETAIN_SELF = YES;
				CLANG_WARN_OBJC_LITERAL_CONVERSION = YES;
				CLANG_WARN_OBJC_ROOT_CLASS = YES_ERROR;
				CLANG_WARN_QUOTED_INCLUDE_IN_FRAMEWORK_HEADER = YES;
				CLANG_WARN_RANGE_LOOP_ANALYSIS = YES;
				CLANG_WARN_STRICT_PROTOTYPES = YES;
				CLANG_WARN_SUSPICIOUS_MOVE = YES;
				CLANG_WARN_UNGUARDED_AVAILABILITY = YES_AGGRESSIVE;
				CLANG_WARN_UNREACHABLE_CODE = YES;
				CLANG_WARN__DUPLICATE_METHOD_MATCH = YES;
				COPY_PHASE_STRIP = NO;
				DEBUG_INFORMATION_FORMAT = dwarf;
				ENABLE_STRICT_OBJC_MSGSEND = YES;
				ENABLE_TESTABILITY = YES;
				ENABLE_USER_SCRIPT_SANDBOXING = YES;
				GCC_C_LANGUAGE_STANDARD = gnu17;
				GCC_DYNAMIC_NO_PIC = NO;
				GCC_NO_COMMON_BLOCKS = YES;
				GCC_OPTIMIZATION_LEVEL = 0;
				GCC_PREPROCESSOR_DEFINITIONS = (
					"DEBUG=1",
					"$(inherited)",
				);
				GCC_WARN_64_TO_32_BIT_CONVERSION = YES;
				GCC_WARN_ABOUT_RETURN_TYPE = YES_ERROR;
				GCC_WARN_UNDECLARED_SELECTOR = YES;
				GCC_WARN_UNINITIALIZED_AUTOS = YES_AGGRESSIVE;
				GCC_WARN_UNUSED_FUNCTION = YES;
				GCC_WARN_UNUSED_VARIABLE = YES;
				IPHONEOS_DEPLOYMENT_TARGET = 17.0;
				LOCALIZATION_PREFERS_STRING_CATALOGS = YES;
				MTL_ENABLE_DEBUG_INFO = INCLUDE_SOURCE;
				MTL_FAST_MATH = YES;
				ONLY_ACTIVE_ARCH = YES;
				SDKROOT = iphoneos;
				SWIFT_ACTIVE_COMPILATION_CONDITIONS = "DEBUG $(inherited)";
				SWIFT_OPTIMIZATION_LEVEL = "-Onone";
			};
			name = Debug;
		};
		2161E90E2BCA682D00327392 /* Release */ = {
			isa = XCBuildConfiguration;
			buildSettings = {
				ALWAYS_SEARCH_USER_PATHS = NO;
				ASSETCATALOG_COMPILER_GENERATE_SWIFT_ASSET_SYMBOL_EXTENSIONS = YES;
				CLANG_ANALYZER_NONNULL = YES;
				CLANG_ANALYZER_NUMBER_OBJECT_CONVERSION = YES_AGGRESSIVE;
				CLANG_CXX_LANGUAGE_STANDARD = "gnu++20";
				CLANG_ENABLE_MODULES = YES;
				CLANG_ENABLE_OBJC_ARC = YES;
				CLANG_ENABLE_OBJC_WEAK = YES;
				CLANG_WARN_BLOCK_CAPTURE_AUTORELEASING = YES;
				CLANG_WARN_BOOL_CONVERSION = YES;
				CLANG_WARN_COMMA = YES;
				CLANG_WARN_CONSTANT_CONVERSION = YES;
				CLANG_WARN_DEPRECATED_OBJC_IMPLEMENTATIONS = YES;
				CLANG_WARN_DIRECT_OBJC_ISA_USAGE = YES_ERROR;
				CLANG_WARN_DOCUMENTATION_COMMENTS = YES;
				CLANG_WARN_EMPTY_BODY = YES;
				CLANG_WARN_ENUM_CONVERSION = YES;
				CLANG_WARN_INFINITE_RECURSION = YES;
				CLANG_WARN_INT_CONVERSION = YES;
				CLANG_WARN_NON_LITERAL_NULL_CONVERSION = YES;
				CLANG_WARN_OBJC_IMPLICIT_RETAIN_SELF = YES;
				CLANG_WARN_OBJC_LITERAL_CONVERSION = YES;
				CLANG_WARN_OBJC_ROOT_CLASS = YES_ERROR;
				CLANG_WARN_QUOTED_INCLUDE_IN_FRAMEWORK_HEADER = YES;
				CLANG_WARN_RANGE_LOOP_ANALYSIS = YES;
				CLANG_WARN_STRICT_PROTOTYPES = YES;
				CLANG_WARN_SUSPICIOUS_MOVE = YES;
				CLANG_WARN_UNGUARDED_AVAILABILITY = YES_AGGRESSIVE;
				CLANG_WARN_UNREACHABLE_CODE = YES;
				CLANG_WARN__DUPLICATE_METHOD_MATCH = YES;
				COPY_PHASE_STRIP = NO;
				DEBUG_INFORMATION_FORMAT = "dwarf-with-dsym";
				ENABLE_NS_ASSERTIONS = NO;
				ENABLE_STRICT_OBJC_MSGSEND = YES;
				ENABLE_USER_SCRIPT_SANDBOXING = YES;
				GCC_C_LANGUAGE_STANDARD = gnu17;
				GCC_NO_COMMON_BLOCKS = YES;
				GCC_WARN_64_TO_32_BIT_CONVERSION = YES;
				GCC_WARN_ABOUT_RETURN_TYPE = YES_ERROR;
				GCC_WARN_UNDECLARED_SELECTOR = YES;
				GCC_WARN_UNINITIALIZED_AUTOS = YES_AGGRESSIVE;
				GCC_WARN_UNUSED_FUNCTION = YES;
				GCC_WARN_UNUSED_VARIABLE = YES;
				IPHONEOS_DEPLOYMENT_TARGET = 17.0;
				LOCALIZATION_PREFERS_STRING_CATALOGS = YES;
				MTL_ENABLE_DEBUG_INFO = NO;
				MTL_FAST_MATH = YES;
				SDKROOT = iphoneos;
				SWIFT_COMPILATION_MODE = wholemodule;
				VALIDATE_PRODUCT = YES;
			};
			name = Release;
		};
		2161E9102BCA682D00327392 /* Debug */ = {
			isa = XCBuildConfiguration;
			buildSettings = {
				ASSETCATALOG_COMPILER_APPICON_NAME = AppIcon;
				ASSETCATALOG_COMPILER_GLOBAL_ACCENT_COLOR_NAME = AccentColor;
				CODE_SIGN_STYLE = Automatic;
				CURRENT_PROJECT_VERSION = 1;
				DEVELOPMENT_TEAM = 7MJTTLBM2G;
				GENERATE_INFOPLIST_FILE = YES;
				INFOPLIST_FILE = HackNU/Info.plist;
				INFOPLIST_KEY_UIApplicationSupportsIndirectInputEvents = YES;
				INFOPLIST_KEY_UILaunchStoryboardName = LaunchScreen;
				INFOPLIST_KEY_UISupportedInterfaceOrientations_iPad = "UIInterfaceOrientationPortrait UIInterfaceOrientationPortraitUpsideDown UIInterfaceOrientationLandscapeLeft UIInterfaceOrientationLandscapeRight";
				INFOPLIST_KEY_UISupportedInterfaceOrientations_iPhone = "UIInterfaceOrientationPortrait UIInterfaceOrientationLandscapeLeft UIInterfaceOrientationLandscapeRight";
				LD_RUNPATH_SEARCH_PATHS = (
					"$(inherited)",
					"@executable_path/Frameworks",
				);
				MARKETING_VERSION = 1.0;
				PRODUCT_BUNDLE_IDENTIFIER = abrorbek.HackNU;
				PRODUCT_NAME = "$(TARGET_NAME)";
				SWIFT_EMIT_LOC_STRINGS = YES;
				SWIFT_VERSION = 5.0;
				TARGETED_DEVICE_FAMILY = "1,2";
			};
			name = Debug;
		};
		2161E9112BCA682D00327392 /* Release */ = {
			isa = XCBuildConfiguration;
			buildSettings = {
				ASSETCATALOG_COMPILER_APPICON_NAME = AppIcon;
				ASSETCATALOG_COMPILER_GLOBAL_ACCENT_COLOR_NAME = AccentColor;
				CODE_SIGN_STYLE = Automatic;
				CURRENT_PROJECT_VERSION = 1;
				DEVELOPMENT_TEAM = 7MJTTLBM2G;
				GENERATE_INFOPLIST_FILE = YES;
				INFOPLIST_FILE = HackNU/Info.plist;
				INFOPLIST_KEY_UIApplicationSupportsIndirectInputEvents = YES;
				INFOPLIST_KEY_UILaunchStoryboardName = LaunchScreen;
				INFOPLIST_KEY_UISupportedInterfaceOrientations_iPad = "UIInterfaceOrientationPortrait UIInterfaceOrientationPortraitUpsideDown UIInterfaceOrientationLandscapeLeft UIInterfaceOrientationLandscapeRight";
				INFOPLIST_KEY_UISupportedInterfaceOrientations_iPhone = "UIInterfaceOrientationPortrait UIInterfaceOrientationLandscapeLeft UIInterfaceOrientationLandscapeRight";
				LD_RUNPATH_SEARCH_PATHS = (
					"$(inherited)",
					"@executable_path/Frameworks",
				);
				MARKETING_VERSION = 1.0;
				PRODUCT_BUNDLE_IDENTIFIER = abrorbek.HackNU;
				PRODUCT_NAME = "$(TARGET_NAME)";
				SWIFT_EMIT_LOC_STRINGS = YES;
				SWIFT_VERSION = 5.0;
				TARGETED_DEVICE_FAMILY = "1,2";
			};
			name = Release;
		};
/* End XCBuildConfiguration section */

/* Begin XCConfigurationList section */
		2161E8F62BCA682C00327392 /* Build configuration list for PBXProject "HackNU" */ = {
			isa = XCConfigurationList;
			buildConfigurations = (
				2161E90D2BCA682D00327392 /* Debug */,
				2161E90E2BCA682D00327392 /* Release */,
			);
			defaultConfigurationIsVisible = 0;
			defaultConfigurationName = Release;
		};
		2161E90F2BCA682D00327392 /* Build configuration list for PBXNativeTarget "HackNU" */ = {
			isa = XCConfigurationList;
			buildConfigurations = (
				2161E9102BCA682D00327392 /* Debug */,
				2161E9112BCA682D00327392 /* Release */,
			);
			defaultConfigurationIsVisible = 0;
			defaultConfigurationName = Release;
		};
/* End XCConfigurationList section */
	};
	rootObject = 2161E8F32BCA682C00327392 /* Project object */;
}
